
Microsoft Visual Studio Solution File, Format Version 12.00
# Visual Studio Version 17
VisualStudioVersion = 17.14.36121.58 d17.14
MinimumVisualStudioVersion = 10.0.40219.1
Project("{FAE04EC0-301F-11D3-BF4B-00C04F79EFBC}") = "nekryto", "nekryto\nekryto.csproj", "{3FDD65B3-3094-4D5F-9F23-EA9DE0B6A8A8}"
EndProject
Global
	GlobalSection(SolutionConfigurationPlatforms) = preSolution
		Debug|Any CPU = Debug|Any CPU
		Release|Any CPU = Release|Any CPU
	EndGlobalSection
	GlobalSection(ProjectConfigurationPlatforms) = postSolution
		{3FDD65B3-3094-4D5F-9F23-EA9DE0B6A8A8}.Debug|Any CPU.ActiveCfg = Debug|Any CPU
		{3FDD65B3-3094-4D5F-9F23-EA9DE0B6A8A8}.Debug|Any CPU.Build.0 = Debug|Any CPU
		{3FDD65B3-3094-4D5F-9F23-EA9DE0B6A8A8}.Release|Any CPU.ActiveCfg = Release|Any CPU
		{3FDD65B3-3094-4D5F-9F23-EA9DE0B6A8A8}.Release|Any CPU.Build.0 = Release|Any CPU
	EndGlobalSection
	GlobalSection(SolutionProperties) = preSolution
		HideSolutionNode = FALSE
	EndGlobalSection
	GlobalSection(ExtensibilityGlobals) = postSolution
		SolutionGuid = {F75E52F7-8875-43ED-9D90-BCC6F5375124}
	EndGlobalSection
EndGlobal
